
Microsoft Visual Studio Solution File, Format Version 12.00
# Visual Studio Version 17
VisualStudioVersion = 17.5.33516.290
MinimumVisualStudioVersion = 10.0.40219.1
Project("{FAE04EC0-301F-11D3-BF4B-00C04F79EFBC}") = "DiscordProxyStart", "DiscordProxyStart\DiscordProxyStart.csproj", "{24614902-E5E4-40BB-83D7-BA11988F7E72}"
EndProject
Global
	GlobalSection(SolutionConfigurationPlatforms) = preSolution
		Debug|Any CPU = Debug|Any CPU
		Release|Any CPU = Release|Any CPU
	EndGlobalSection
	GlobalSection(ProjectConfigurationPlatforms) = postSolution
		{24614902-E5E4-40BB-83D7-BA11988F7E72}.Debug|Any CPU.ActiveCfg = Debug|Any CPU
		{24614902-E5E4-40BB-83D7-BA11988F7E72}.Debug|Any CPU.Build.0 = Debug|Any CPU
		{24614902-E5E4-40BB-83D7-BA11988F7E72}.Release|Any CPU.ActiveCfg = Release|Any CPU
		{24614902-E5E4-40BB-83D7-BA11988F7E72}.Release|Any CPU.Build.0 = Release|Any CPU
	EndGlobalSection
	GlobalSection(SolutionProperties) = preSolution
		HideSolutionNode = FALSE
	EndGlobalSection
	GlobalSection(ExtensibilityGlobals) = postSolution
		SolutionGuid = {C1385112-AA37-44BF-BA7C-9E3604DBFB19}
	EndGlobalSection
EndGlobal
